
Microsoft Visual Studio Solution File, Format Version 10.00
# Visual Studio 2008
Project("{8BC9CEB8-8B4A-11D0-8D11-00A0C91BC942}") = "AutoPHS", "AutoPHS.vcproj", "{A674AB2A-2926-4D13-A9B1-2C31A5B79A39}"
EndProject
Global
	GlobalSection(SolutionConfigurationPlatforms) = preSolution
		Debug|Win32 = Debug|Win32
		Release|Win32 = Release|Win32
	EndGlobalSection
	GlobalSection(ProjectConfigurationPlatforms) = postSolution
		{A674AB2A-2926-4D13-A9B1-2C31A5B79A39}.Debug|Win32.ActiveCfg = Debug|Win32
		{A674AB2A-2926-4D13-A9B1-2C31A5B79A39}.Debug|Win32.Build.0 = Debug|Win32
		{A674AB2A-2926-4D13-A9B1-2C31A5B79A39}.Release|Win32.ActiveCfg = Release|Win32
		{A674AB2A-2926-4D13-A9B1-2C31A5B79A39}.Release|Win32.Build.0 = Release|Win32
	EndGlobalSection
	GlobalSection(SolutionProperties) = preSolution
		HideSolutionNode = FALSE
	EndGlobalSection
EndGlobal
